
Microsoft Visual Studio Solution File, Format Version 12.00
# Visual Studio 15
Project("{D954291E-2A0B-460D-934E-DC6B0785DB48}") = "MoviesCollection", "MoviesCollection\MoviesCollection.shproj", "{1C124272-5717-41FA-AA2F-F3B1EF78EE0E}"
EndProject
Project("{FAE04EC0-301F-11D3-BF4B-00C04F79EFBC}") = "MoviesCollection.iOS", "iOS\MoviesCollection.iOS.csproj", "{15E2E491-6F7F-474F-9200-79F2F5685B51}"
EndProject
Global
	GlobalSection(SolutionConfigurationPlatforms) = preSolution
		Debug|iPhoneSimulator = Debug|iPhoneSimulator
		Release|iPhone = Release|iPhone
		Release|iPhoneSimulator = Release|iPhoneSimulator
		Debug|iPhone = Debug|iPhone
	EndGlobalSection
	GlobalSection(ProjectConfigurationPlatforms) = postSolution
		{15E2E491-6F7F-474F-9200-79F2F5685B51}.Debug|iPhoneSimulator.ActiveCfg = Debug|iPhoneSimulator
		{15E2E491-6F7F-474F-9200-79F2F5685B51}.Debug|iPhoneSimulator.Build.0 = Debug|iPhoneSimulator
		{15E2E491-6F7F-474F-9200-79F2F5685B51}.Release|iPhone.ActiveCfg = Release|iPhone
		{15E2E491-6F7F-474F-9200-79F2F5685B51}.Release|iPhone.Build.0 = Release|iPhone
		{15E2E491-6F7F-474F-9200-79F2F5685B51}.Release|iPhoneSimulator.ActiveCfg = Release|iPhoneSimulator
		{15E2E491-6F7F-474F-9200-79F2F5685B51}.Release|iPhoneSimulator.Build.0 = Release|iPhoneSimulator
		{15E2E491-6F7F-474F-9200-79F2F5685B51}.Debug|iPhone.ActiveCfg = Debug|iPhone
		{15E2E491-6F7F-474F-9200-79F2F5685B51}.Debug|iPhone.Build.0 = Debug|iPhone
	EndGlobalSection
EndGlobal
